
Microsoft Visual Studio Solution File, Format Version 12.00
# Visual Studio Version 17
VisualStudioVersion = 17.14.36414.22
MinimumVisualStudioVersion = 10.0.40219.1
Project("{2150E333-8FDC-42A3-9474-1A3956D46DE8}") = "Lab1", "Lab1", "{02EA681E-C7D8-13C7-8484-4AC65E1B71E8}"
EndProject
Project("{FAE04EC0-301F-11D3-BF4B-00C04F79EFBC}") = "Lab1.SmartTvRemote.App", "Lab1_SmartTVRemoteControl\Lab1.SmartTvRemote.App\Lab1.SmartTvRemote.App.csproj", "{8F631C26-DD66-C83C-AF87-C37249B5FF27}"
EndProject
Project("{FAE04EC0-301F-11D3-BF4B-00C04F79EFBC}") = "Lab1.SmartTvRemote.Domain", "Lab1_SmartTVRemoteControl\Lab1.SmartTvRemote.Domain\Lab1.SmartTvRemote.Domain.csproj", "{918EAB40-263B-F0C9-8B16-2676C2E1920F}"
EndProject
Global
	GlobalSection(SolutionConfigurationPlatforms) = preSolution
		Debug|Any CPU = Debug|Any CPU
		Release|Any CPU = Release|Any CPU
	EndGlobalSection
	GlobalSection(ProjectConfigurationPlatforms) = postSolution
		{8F631C26-DD66-C83C-AF87-C37249B5FF27}.Debug|Any CPU.ActiveCfg = Debug|Any CPU
		{8F631C26-DD66-C83C-AF87-C37249B5FF27}.Debug|Any CPU.Build.0 = Debug|Any CPU
		{8F631C26-DD66-C83C-AF87-C37249B5FF27}.Release|Any CPU.ActiveCfg = Release|Any CPU
		{8F631C26-DD66-C83C-AF87-C37249B5FF27}.Release|Any CPU.Build.0 = Release|Any CPU
		{918EAB40-263B-F0C9-8B16-2676C2E1920F}.Debug|Any CPU.ActiveCfg = Debug|Any CPU
		{918EAB40-263B-F0C9-8B16-2676C2E1920F}.Debug|Any CPU.Build.0 = Debug|Any CPU
		{918EAB40-263B-F0C9-8B16-2676C2E1920F}.Release|Any CPU.ActiveCfg = Release|Any CPU
		{918EAB40-263B-F0C9-8B16-2676C2E1920F}.Release|Any CPU.Build.0 = Release|Any CPU
	EndGlobalSection
	GlobalSection(SolutionProperties) = preSolution
		HideSolutionNode = FALSE
	EndGlobalSection
	GlobalSection(NestedProjects) = preSolution
		{8F631C26-DD66-C83C-AF87-C37249B5FF27} = {02EA681E-C7D8-13C7-8484-4AC65E1B71E8}
		{918EAB40-263B-F0C9-8B16-2676C2E1920F} = {02EA681E-C7D8-13C7-8484-4AC65E1B71E8}
	EndGlobalSection
	GlobalSection(ExtensibilityGlobals) = postSolution
		SolutionGuid = {AAF801A5-BB7F-408D-80BA-D93518E6C754}
	EndGlobalSection
EndGlobal
