
Microsoft Visual Studio Solution File, Format Version 12.00
# Visual Studio Version 17
VisualStudioVersion = 17.14.36414.22
MinimumVisualStudioVersion = 10.0.40219.1
Project("{FAE04EC0-301F-11D3-BF4B-00C04F79EFBC}") = "Lab1_SmartTVRemoteControl", "Lab1_SmartTVRemoteControl.csproj", "{F0520435-51C3-4CFC-B658-9BEFAE35CD83}"
EndProject
Project("{FAE04EC0-301F-11D3-BF4B-00C04F79EFBC}") = "Lab1.SmartTvRemote.Domain", "Lab1.SmartTvRemote.Domain\Lab1.SmartTvRemote.Domain.csproj", "{5BA54338-C16D-4864-86B3-198804B205A3}"
EndProject
Project("{FAE04EC0-301F-11D3-BF4B-00C04F79EFBC}") = "Lab1.SmartTvRemote.Infrastructure", "Lab1.SmartTvRemote.Infrastructure\Lab1.SmartTvRemote.Infrastructure.csproj", "{15D26F09-5228-4803-AB1D-4581E5B2077C}"
EndProject
Project("{FAE04EC0-301F-11D3-BF4B-00C04F79EFBC}") = "Lab1.SmartTvRemote.Domain.Tests", "Lab1.SmartTvRemote.Domain.Tests\Lab1.SmartTvRemote.Domain.Tests.csproj", "{3EE841CA-DE47-4B1C-B464-F38EF1DEB621}"
EndProject
Project("{FAE04EC0-301F-11D3-BF4B-00C04F79EFBC}") = "Lab1.SmartTvRemote.App", "Lab1.SmartTvRemote.App\Lab1.SmartTvRemote.App.csproj", "{9B7FBABA-20E0-4F0E-A55F-B6C3F827D4AA}"
EndProject
Project("{2150E333-8FDC-42A3-9474-1A3956D46DE8}") = "Solution Items", "Solution Items", "{02EA681E-C7D8-13C7-8484-4AC65E1B71E8}"
	ProjectSection(SolutionItems) = preProject
		.editorconfig = .editorconfig
		..\.gitignore = ..\.gitignore
		..\LICENSE = ..\LICENSE
		..\README.md = ..\README.md
	EndProjectSection
EndProject
Global
	GlobalSection(SolutionConfigurationPlatforms) = preSolution
		Debug|Any CPU = Debug|Any CPU
		Release|Any CPU = Release|Any CPU
	EndGlobalSection
	GlobalSection(ProjectConfigurationPlatforms) = postSolution
		{F0520435-51C3-4CFC-B658-9BEFAE35CD83}.Debug|Any CPU.ActiveCfg = Debug|Any CPU
		{F0520435-51C3-4CFC-B658-9BEFAE35CD83}.Debug|Any CPU.Build.0 = Debug|Any CPU
		{F0520435-51C3-4CFC-B658-9BEFAE35CD83}.Release|Any CPU.ActiveCfg = Release|Any CPU
		{F0520435-51C3-4CFC-B658-9BEFAE35CD83}.Release|Any CPU.Build.0 = Release|Any CPU
		{5BA54338-C16D-4864-86B3-198804B205A3}.Debug|Any CPU.ActiveCfg = Debug|Any CPU
		{5BA54338-C16D-4864-86B3-198804B205A3}.Debug|Any CPU.Build.0 = Debug|Any CPU
		{5BA54338-C16D-4864-86B3-198804B205A3}.Release|Any CPU.ActiveCfg = Release|Any CPU
		{5BA54338-C16D-4864-86B3-198804B205A3}.Release|Any CPU.Build.0 = Release|Any CPU
		{15D26F09-5228-4803-AB1D-4581E5B2077C}.Debug|Any CPU.ActiveCfg = Debug|Any CPU
		{15D26F09-5228-4803-AB1D-4581E5B2077C}.Debug|Any CPU.Build.0 = Debug|Any CPU
		{15D26F09-5228-4803-AB1D-4581E5B2077C}.Release|Any CPU.ActiveCfg = Release|Any CPU
		{15D26F09-5228-4803-AB1D-4581E5B2077C}.Release|Any CPU.Build.0 = Release|Any CPU
		{3EE841CA-DE47-4B1C-B464-F38EF1DEB621}.Debug|Any CPU.ActiveCfg = Debug|Any CPU
		{3EE841CA-DE47-4B1C-B464-F38EF1DEB621}.Debug|Any CPU.Build.0 = Debug|Any CPU
		{3EE841CA-DE47-4B1C-B464-F38EF1DEB621}.Release|Any CPU.ActiveCfg = Release|Any CPU
		{3EE841CA-DE47-4B1C-B464-F38EF1DEB621}.Release|Any CPU.Build.0 = Release|Any CPU
		{9B7FBABA-20E0-4F0E-A55F-B6C3F827D4AA}.Debug|Any CPU.ActiveCfg = Debug|Any CPU
		{9B7FBABA-20E0-4F0E-A55F-B6C3F827D4AA}.Debug|Any CPU.Build.0 = Debug|Any CPU
		{9B7FBABA-20E0-4F0E-A55F-B6C3F827D4AA}.Release|Any CPU.ActiveCfg = Release|Any CPU
		{9B7FBABA-20E0-4F0E-A55F-B6C3F827D4AA}.Release|Any CPU.Build.0 = Release|Any CPU
	EndGlobalSection
	GlobalSection(SolutionProperties) = preSolution
		HideSolutionNode = FALSE
	EndGlobalSection
	GlobalSection(ExtensibilityGlobals) = postSolution
		SolutionGuid = {34D190BA-162A-4E6C-A99D-1A6A531428F6}
	EndGlobalSection
EndGlobal
